
Microsoft Visual Studio Solution File, Format Version 12.00
# Visual Studio 15
VisualStudioVersion = 15.0.27428.2037
MinimumVisualStudioVersion = 10.0.40219.1
Project("{9A19103F-16F7-4668-BE54-9A1E7A4F7556}") = "RabbitMqSend", "RabbitMqSend\RabbitMqSend.csproj", "{BE1B72BE-A90D-42F4-B5EC-C50E3F6600C9}"
EndProject
Project("{9A19103F-16F7-4668-BE54-9A1E7A4F7556}") = "RabbitMqReveive", "RabbitMqReveive\RabbitMqReveive.csproj", "{4A874C97-16D9-4390-AEDB-EAE2E4194B31}"
EndProject
Project("{2150E333-8FDC-42A3-9474-1A3956D46DE8}") = "Solution Items", "Solution Items", "{AAF18FC0-589C-4A5F-B0AE-6B5AB1F80DF1}"
	ProjectSection(SolutionItems) = preProject
		readme.txt = readme.txt
	EndProjectSection
EndProject
Project("{2150E333-8FDC-42A3-9474-1A3956D46DE8}") = "Simple", "Simple", "{57824946-68E3-45B8-BA0D-080958BF2558}"
EndProject
Project("{2150E333-8FDC-42A3-9474-1A3956D46DE8}") = "Work", "Work", "{90B1B177-F2C8-40AB-A669-68DD10817203}"
EndProject
Project("{9A19103F-16F7-4668-BE54-9A1E7A4F7556}") = "WorkSend", "WorkSend\WorkSend.csproj", "{21C83FF3-F110-46E3-ADFF-8CB5AD313A37}"
EndProject
Project("{9A19103F-16F7-4668-BE54-9A1E7A4F7556}") = "WorkReveice", "WorkReveice\WorkReveice.csproj", "{25FCA044-3E62-438A-B5F4-03D521438E4C}"
EndProject
Project("{9A19103F-16F7-4668-BE54-9A1E7A4F7556}") = "WorkReveice2", "WorkReveice2\WorkReveice2.csproj", "{F734BFA9-14CD-476D-9A9A-1A8731CC2427}"
EndProject
Project("{2150E333-8FDC-42A3-9474-1A3956D46DE8}") = "PublishAndSubscribe", "PublishAndSubscribe", "{3AFA2534-E706-4529-9DD3-C0B33C7D91C0}"
EndProject
Project("{FAE04EC0-301F-11D3-BF4B-00C04F79EFBC}") = "PublishAndSubscirbeSend", "PublishAndSubscirbeSend\PublishAndSubscirbeSend.csproj", "{705159FA-2548-4375-B89B-B5D062F3B959}"
EndProject
Project("{FAE04EC0-301F-11D3-BF4B-00C04F79EFBC}") = "PublishAndSubscribeReveice", "PublishAndSubscribeReveice\PublishAndSubscribeReveice.csproj", "{2E12CD6C-5D5C-40EE-B814-EE3BBCFB1145}"
EndProject
Project("{2150E333-8FDC-42A3-9474-1A3956D46DE8}") = "Transection", "Transection", "{A53B3956-9E5F-4094-8DCA-833F2292FC10}"
EndProject
Project("{FAE04EC0-301F-11D3-BF4B-00C04F79EFBC}") = "TransactionSend", "ConfirmPattern\TransactionSend.csproj", "{9FA14A41-60BC-4A03-A08C-382BD73EEFEC}"
EndProject
Project("{FAE04EC0-301F-11D3-BF4B-00C04F79EFBC}") = "PublishAndSubscribeReveice2", "PublishAndSubscribeReveice2\PublishAndSubscribeReveice2.csproj", "{E2960D19-A578-4E5C-9A69-A27D95D02A04}"
EndProject
Project("{FAE04EC0-301F-11D3-BF4B-00C04F79EFBC}") = "RabbitMqReveice2", "RabbitMqReveice2\RabbitMqReveice2.csproj", "{1BF9E9F3-CC8C-4226-92A3-36627F7969CB}"
EndProject
Global
	GlobalSection(SolutionConfigurationPlatforms) = preSolution
		Debug|Any CPU = Debug|Any CPU
		Release|Any CPU = Release|Any CPU
	EndGlobalSection
	GlobalSection(ProjectConfigurationPlatforms) = postSolution
		{BE1B72BE-A90D-42F4-B5EC-C50E3F6600C9}.Debug|Any CPU.ActiveCfg = Debug|Any CPU
		{BE1B72BE-A90D-42F4-B5EC-C50E3F6600C9}.Debug|Any CPU.Build.0 = Debug|Any CPU
		{BE1B72BE-A90D-42F4-B5EC-C50E3F6600C9}.Release|Any CPU.ActiveCfg = Release|Any CPU
		{BE1B72BE-A90D-42F4-B5EC-C50E3F6600C9}.Release|Any CPU.Build.0 = Release|Any CPU
		{4A874C97-16D9-4390-AEDB-EAE2E4194B31}.Debug|Any CPU.ActiveCfg = Debug|Any CPU
		{4A874C97-16D9-4390-AEDB-EAE2E4194B31}.Debug|Any CPU.Build.0 = Debug|Any CPU
		{4A874C97-16D9-4390-AEDB-EAE2E4194B31}.Release|Any CPU.ActiveCfg = Release|Any CPU
		{4A874C97-16D9-4390-AEDB-EAE2E4194B31}.Release|Any CPU.Build.0 = Release|Any CPU
		{21C83FF3-F110-46E3-ADFF-8CB5AD313A37}.Debug|Any CPU.ActiveCfg = Debug|Any CPU
		{21C83FF3-F110-46E3-ADFF-8CB5AD313A37}.Debug|Any CPU.Build.0 = Debug|Any CPU
		{21C83FF3-F110-46E3-ADFF-8CB5AD313A37}.Release|Any CPU.ActiveCfg = Release|Any CPU
		{21C83FF3-F110-46E3-ADFF-8CB5AD313A37}.Release|Any CPU.Build.0 = Release|Any CPU
		{25FCA044-3E62-438A-B5F4-03D521438E4C}.Debug|Any CPU.ActiveCfg = Debug|Any CPU
		{25FCA044-3E62-438A-B5F4-03D521438E4C}.Debug|Any CPU.Build.0 = Debug|Any CPU
		{25FCA044-3E62-438A-B5F4-03D521438E4C}.Release|Any CPU.ActiveCfg = Release|Any CPU
		{25FCA044-3E62-438A-B5F4-03D521438E4C}.Release|Any CPU.Build.0 = Release|Any CPU
		{F734BFA9-14CD-476D-9A9A-1A8731CC2427}.Debug|Any CPU.ActiveCfg = Debug|Any CPU
		{F734BFA9-14CD-476D-9A9A-1A8731CC2427}.Debug|Any CPU.Build.0 = Debug|Any CPU
		{F734BFA9-14CD-476D-9A9A-1A8731CC2427}.Release|Any CPU.ActiveCfg = Release|Any CPU
		{F734BFA9-14CD-476D-9A9A-1A8731CC2427}.Release|Any CPU.Build.0 = Release|Any CPU
		{705159FA-2548-4375-B89B-B5D062F3B959}.Debug|Any CPU.ActiveCfg = Debug|Any CPU
		{705159FA-2548-4375-B89B-B5D062F3B959}.Debug|Any CPU.Build.0 = Debug|Any CPU
		{705159FA-2548-4375-B89B-B5D062F3B959}.Release|Any CPU.ActiveCfg = Release|Any CPU
		{705159FA-2548-4375-B89B-B5D062F3B959}.Release|Any CPU.Build.0 = Release|Any CPU
		{2E12CD6C-5D5C-40EE-B814-EE3BBCFB1145}.Debug|Any CPU.ActiveCfg = Debug|Any CPU
		{2E12CD6C-5D5C-40EE-B814-EE3BBCFB1145}.Debug|Any CPU.Build.0 = Debug|Any CPU
		{2E12CD6C-5D5C-40EE-B814-EE3BBCFB1145}.Release|Any CPU.ActiveCfg = Release|Any CPU
		{2E12CD6C-5D5C-40EE-B814-EE3BBCFB1145}.Release|Any CPU.Build.0 = Release|Any CPU
		{9FA14A41-60BC-4A03-A08C-382BD73EEFEC}.Debug|Any CPU.ActiveCfg = Debug|Any CPU
		{9FA14A41-60BC-4A03-A08C-382BD73EEFEC}.Debug|Any CPU.Build.0 = Debug|Any CPU
		{9FA14A41-60BC-4A03-A08C-382BD73EEFEC}.Release|Any CPU.ActiveCfg = Release|Any CPU
		{9FA14A41-60BC-4A03-A08C-382BD73EEFEC}.Release|Any CPU.Build.0 = Release|Any CPU
		{E2960D19-A578-4E5C-9A69-A27D95D02A04}.Debug|Any CPU.ActiveCfg = Debug|Any CPU
		{E2960D19-A578-4E5C-9A69-A27D95D02A04}.Debug|Any CPU.Build.0 = Debug|Any CPU
		{E2960D19-A578-4E5C-9A69-A27D95D02A04}.Release|Any CPU.ActiveCfg = Release|Any CPU
		{E2960D19-A578-4E5C-9A69-A27D95D02A04}.Release|Any CPU.Build.0 = Release|Any CPU
		{1BF9E9F3-CC8C-4226-92A3-36627F7969CB}.Debug|Any CPU.ActiveCfg = Debug|Any CPU
		{1BF9E9F3-CC8C-4226-92A3-36627F7969CB}.Debug|Any CPU.Build.0 = Debug|Any CPU
		{1BF9E9F3-CC8C-4226-92A3-36627F7969CB}.Release|Any CPU.ActiveCfg = Release|Any CPU
		{1BF9E9F3-CC8C-4226-92A3-36627F7969CB}.Release|Any CPU.Build.0 = Release|Any CPU
	EndGlobalSection
	GlobalSection(SolutionProperties) = preSolution
		HideSolutionNode = FALSE
	EndGlobalSection
	GlobalSection(NestedProjects) = preSolution
		{BE1B72BE-A90D-42F4-B5EC-C50E3F6600C9} = {57824946-68E3-45B8-BA0D-080958BF2558}
		{4A874C97-16D9-4390-AEDB-EAE2E4194B31} = {57824946-68E3-45B8-BA0D-080958BF2558}
		{21C83FF3-F110-46E3-ADFF-8CB5AD313A37} = {90B1B177-F2C8-40AB-A669-68DD10817203}
		{25FCA044-3E62-438A-B5F4-03D521438E4C} = {90B1B177-F2C8-40AB-A669-68DD10817203}
		{F734BFA9-14CD-476D-9A9A-1A8731CC2427} = {90B1B177-F2C8-40AB-A669-68DD10817203}
		{705159FA-2548-4375-B89B-B5D062F3B959} = {3AFA2534-E706-4529-9DD3-C0B33C7D91C0}
		{2E12CD6C-5D5C-40EE-B814-EE3BBCFB1145} = {3AFA2534-E706-4529-9DD3-C0B33C7D91C0}
		{9FA14A41-60BC-4A03-A08C-382BD73EEFEC} = {A53B3956-9E5F-4094-8DCA-833F2292FC10}
		{E2960D19-A578-4E5C-9A69-A27D95D02A04} = {3AFA2534-E706-4529-9DD3-C0B33C7D91C0}
		{1BF9E9F3-CC8C-4226-92A3-36627F7969CB} = {57824946-68E3-45B8-BA0D-080958BF2558}
	EndGlobalSection
	GlobalSection(ExtensibilityGlobals) = postSolution
		SolutionGuid = {EC2834AC-CA16-4717-A064-A8E2BA2E9941}
	EndGlobalSection
EndGlobal
