
Microsoft Visual Studio Solution File, Format Version 12.00
# Visual Studio 15
VisualStudioVersion = 15.0.27428.2037
MinimumVisualStudioVersion = 10.0.40219.1
Project("{9A19103F-16F7-4668-BE54-9A1E7A4F7556}") = "RabbitMqSend", "RabbitMqSend\RabbitMqSend.csproj", "{BE1B72BE-A90D-42F4-B5EC-C50E3F6600C9}"
EndProject
Project("{9A19103F-16F7-4668-BE54-9A1E7A4F7556}") = "RabbitMqReveive", "RabbitMqReveive\RabbitMqReveive.csproj", "{4A874C97-16D9-4390-AEDB-EAE2E4194B31}"
EndProject
Project("{2150E333-8FDC-42A3-9474-1A3956D46DE8}") = "Solution Items", "Solution Items", "{AAF18FC0-589C-4A5F-B0AE-6B5AB1F80DF1}"
	ProjectSection(SolutionItems) = preProject
		readme.txt = readme.txt
	EndProjectSection
EndProject
Project("{2150E333-8FDC-42A3-9474-1A3956D46DE8}") = "Simple", "Simple", "{57824946-68E3-45B8-BA0D-080958BF2558}"
EndProject
Project("{2150E333-8FDC-42A3-9474-1A3956D46DE8}") = "Work", "Work", "{90B1B177-F2C8-40AB-A669-68DD10817203}"
EndProject
Project("{FAE04EC0-301F-11D3-BF4B-00C04F79EFBC}") = "WorkSend", "WorkSend\WorkSend.csproj", "{21C83FF3-F110-46E3-ADFF-8CB5AD313A37}"
EndProject
Project("{FAE04EC0-301F-11D3-BF4B-00C04F79EFBC}") = "WorkReveice", "WorkReveice\WorkReveice.csproj", "{25FCA044-3E62-438A-B5F4-03D521438E4C}"
EndProject
Project("{FAE04EC0-301F-11D3-BF4B-00C04F79EFBC}") = "WorkReveice2", "WorkReveice2\WorkReveice2.csproj", "{F734BFA9-14CD-476D-9A9A-1A8731CC2427}"
EndProject
Global
	GlobalSection(SolutionConfigurationPlatforms) = preSolution
		Debug|Any CPU = Debug|Any CPU
		Release|Any CPU = Release|Any CPU
	EndGlobalSection
	GlobalSection(ProjectConfigurationPlatforms) = postSolution
		{BE1B72BE-A90D-42F4-B5EC-C50E3F6600C9}.Debug|Any CPU.ActiveCfg = Debug|Any CPU
		{BE1B72BE-A90D-42F4-B5EC-C50E3F6600C9}.Debug|Any CPU.Build.0 = Debug|Any CPU
		{BE1B72BE-A90D-42F4-B5EC-C50E3F6600C9}.Release|Any CPU.ActiveCfg = Release|Any CPU
		{BE1B72BE-A90D-42F4-B5EC-C50E3F6600C9}.Release|Any CPU.Build.0 = Release|Any CPU
		{4A874C97-16D9-4390-AEDB-EAE2E4194B31}.Debug|Any CPU.ActiveCfg = Debug|Any CPU
		{4A874C97-16D9-4390-AEDB-EAE2E4194B31}.Debug|Any CPU.Build.0 = Debug|Any CPU
		{4A874C97-16D9-4390-AEDB-EAE2E4194B31}.Release|Any CPU.ActiveCfg = Release|Any CPU
		{4A874C97-16D9-4390-AEDB-EAE2E4194B31}.Release|Any CPU.Build.0 = Release|Any CPU
		{21C83FF3-F110-46E3-ADFF-8CB5AD313A37}.Debug|Any CPU.ActiveCfg = Debug|Any CPU
		{21C83FF3-F110-46E3-ADFF-8CB5AD313A37}.Debug|Any CPU.Build.0 = Debug|Any CPU
		{21C83FF3-F110-46E3-ADFF-8CB5AD313A37}.Release|Any CPU.ActiveCfg = Release|Any CPU
		{21C83FF3-F110-46E3-ADFF-8CB5AD313A37}.Release|Any CPU.Build.0 = Release|Any CPU
		{25FCA044-3E62-438A-B5F4-03D521438E4C}.Debug|Any CPU.ActiveCfg = Debug|Any CPU
		{25FCA044-3E62-438A-B5F4-03D521438E4C}.Debug|Any CPU.Build.0 = Debug|Any CPU
		{25FCA044-3E62-438A-B5F4-03D521438E4C}.Release|Any CPU.ActiveCfg = Release|Any CPU
		{25FCA044-3E62-438A-B5F4-03D521438E4C}.Release|Any CPU.Build.0 = Release|Any CPU
		{F734BFA9-14CD-476D-9A9A-1A8731CC2427}.Debug|Any CPU.ActiveCfg = Debug|Any CPU
		{F734BFA9-14CD-476D-9A9A-1A8731CC2427}.Debug|Any CPU.Build.0 = Debug|Any CPU
		{F734BFA9-14CD-476D-9A9A-1A8731CC2427}.Release|Any CPU.ActiveCfg = Release|Any CPU
		{F734BFA9-14CD-476D-9A9A-1A8731CC2427}.Release|Any CPU.Build.0 = Release|Any CPU
	EndGlobalSection
	GlobalSection(SolutionProperties) = preSolution
		HideSolutionNode = FALSE
	EndGlobalSection
	GlobalSection(NestedProjects) = preSolution
		{BE1B72BE-A90D-42F4-B5EC-C50E3F6600C9} = {57824946-68E3-45B8-BA0D-080958BF2558}
		{4A874C97-16D9-4390-AEDB-EAE2E4194B31} = {57824946-68E3-45B8-BA0D-080958BF2558}
		{21C83FF3-F110-46E3-ADFF-8CB5AD313A37} = {90B1B177-F2C8-40AB-A669-68DD10817203}
		{25FCA044-3E62-438A-B5F4-03D521438E4C} = {90B1B177-F2C8-40AB-A669-68DD10817203}
		{F734BFA9-14CD-476D-9A9A-1A8731CC2427} = {90B1B177-F2C8-40AB-A669-68DD10817203}
	EndGlobalSection
	GlobalSection(ExtensibilityGlobals) = postSolution
		SolutionGuid = {EC2834AC-CA16-4717-A064-A8E2BA2E9941}
	EndGlobalSection
EndGlobal
